
Microsoft Visual Studio Solution File, Format Version 12.00
# Visual Studio Version 16
VisualStudioVersion = 16.0.30907.101
MinimumVisualStudioVersion = 10.0.40219.1
Project("{FAE04EC0-301F-11D3-BF4B-00C04F79EFBC}") = "Homework1", "Homework1\Homework1.csproj", "{D59E772B-95A1-4554-AA90-7E226F3256CB}"
EndProject
Global
	GlobalSection(SolutionConfigurationPlatforms) = preSolution
		Debug|Any CPU = Debug|Any CPU
		Release|Any CPU = Release|Any CPU
	EndGlobalSection
	GlobalSection(ProjectConfigurationPlatforms) = postSolution
		{D59E772B-95A1-4554-AA90-7E226F3256CB}.Debug|Any CPU.ActiveCfg = Debug|Any CPU
		{D59E772B-95A1-4554-AA90-7E226F3256CB}.Debug|Any CPU.Build.0 = Debug|Any CPU
		{D59E772B-95A1-4554-AA90-7E226F3256CB}.Release|Any CPU.ActiveCfg = Release|Any CPU
		{D59E772B-95A1-4554-AA90-7E226F3256CB}.Release|Any CPU.Build.0 = Release|Any CPU
	EndGlobalSection
	GlobalSection(SolutionProperties) = preSolution
		HideSolutionNode = FALSE
	EndGlobalSection
	GlobalSection(ExtensibilityGlobals) = postSolution
		SolutionGuid = {72764ABF-251C-4245-B1C0-8624049BA52F}
	EndGlobalSection
EndGlobal
